
Microsoft Visual Studio Solution File, Format Version 12.00
# Visual Studio Version 17
VisualStudioVersion = 17.2.32630.192
MinimumVisualStudioVersion = 10.0.40219.1
Project("{FAE04EC0-301F-11D3-BF4B-00C04F79EFBC}") = "SimpleFactory", "SimpleFactory\SimpleFactory.csproj", "{99595DF3-F977-4FA8-A5EB-29BE90325D2D}"
EndProject
Project("{9A19103F-16F7-4668-BE54-9A1E7A4F7556}") = "Contracts", "Contracts\Contracts.csproj", "{75F65F4F-7973-4E8F-AEE4-6577412904CF}"
EndProject
Project("{9A19103F-16F7-4668-BE54-9A1E7A4F7556}") = "Factories", "Factories\Factories.csproj", "{2C5FD9B5-34E2-4DA1-843D-BFE2D35413EA}"
EndProject
Project("{9A19103F-16F7-4668-BE54-9A1E7A4F7556}") = "Models", "Models\Models.csproj", "{EBB363B9-CABD-46AE-A359-BE6E26E5731F}"
EndProject
Global
	GlobalSection(SolutionConfigurationPlatforms) = preSolution
		Debug|Any CPU = Debug|Any CPU
		Release|Any CPU = Release|Any CPU
	EndGlobalSection
	GlobalSection(ProjectConfigurationPlatforms) = postSolution
		{99595DF3-F977-4FA8-A5EB-29BE90325D2D}.Debug|Any CPU.ActiveCfg = Debug|Any CPU
		{99595DF3-F977-4FA8-A5EB-29BE90325D2D}.Debug|Any CPU.Build.0 = Debug|Any CPU
		{99595DF3-F977-4FA8-A5EB-29BE90325D2D}.Release|Any CPU.ActiveCfg = Release|Any CPU
		{99595DF3-F977-4FA8-A5EB-29BE90325D2D}.Release|Any CPU.Build.0 = Release|Any CPU
		{75F65F4F-7973-4E8F-AEE4-6577412904CF}.Debug|Any CPU.ActiveCfg = Debug|Any CPU
		{75F65F4F-7973-4E8F-AEE4-6577412904CF}.Debug|Any CPU.Build.0 = Debug|Any CPU
		{75F65F4F-7973-4E8F-AEE4-6577412904CF}.Release|Any CPU.ActiveCfg = Release|Any CPU
		{75F65F4F-7973-4E8F-AEE4-6577412904CF}.Release|Any CPU.Build.0 = Release|Any CPU
		{2C5FD9B5-34E2-4DA1-843D-BFE2D35413EA}.Debug|Any CPU.ActiveCfg = Debug|Any CPU
		{2C5FD9B5-34E2-4DA1-843D-BFE2D35413EA}.Debug|Any CPU.Build.0 = Debug|Any CPU
		{2C5FD9B5-34E2-4DA1-843D-BFE2D35413EA}.Release|Any CPU.ActiveCfg = Release|Any CPU
		{2C5FD9B5-34E2-4DA1-843D-BFE2D35413EA}.Release|Any CPU.Build.0 = Release|Any CPU
		{EBB363B9-CABD-46AE-A359-BE6E26E5731F}.Debug|Any CPU.ActiveCfg = Debug|Any CPU
		{EBB363B9-CABD-46AE-A359-BE6E26E5731F}.Debug|Any CPU.Build.0 = Debug|Any CPU
		{EBB363B9-CABD-46AE-A359-BE6E26E5731F}.Release|Any CPU.ActiveCfg = Release|Any CPU
		{EBB363B9-CABD-46AE-A359-BE6E26E5731F}.Release|Any CPU.Build.0 = Release|Any CPU
	EndGlobalSection
	GlobalSection(SolutionProperties) = preSolution
		HideSolutionNode = FALSE
	EndGlobalSection
	GlobalSection(ExtensibilityGlobals) = postSolution
		SolutionGuid = {807DF742-8E06-41D1-BA50-122CFCA819F0}
	EndGlobalSection
EndGlobal
