
Microsoft Visual Studio Solution File, Format Version 12.00
# Visual Studio Version 17
VisualStudioVersion = 17.2.32630.192
MinimumVisualStudioVersion = 10.0.40219.1
Project("{9A19103F-16F7-4668-BE54-9A1E7A4F7556}") = "SampleCode", "SampleCode\SampleCode.csproj", "{3A39770C-E875-4644-A570-893827ABE4CF}"
EndProject
Project("{9A19103F-16F7-4668-BE54-9A1E7A4F7556}") = "Contracts", "Contracts\Contracts.csproj", "{4B700DD7-FA63-4958-9325-3A4689BC7B2B}"
EndProject
Project("{9A19103F-16F7-4668-BE54-9A1E7A4F7556}") = "Factories", "Factories\Factories.csproj", "{9CCB04C0-F4A1-4505-B474-8F3E284E3B6E}"
EndProject
Project("{9A19103F-16F7-4668-BE54-9A1E7A4F7556}") = "Entities", "Models\Entities.csproj", "{4B583329-7EBC-4449-8644-4885D0095CD5}"
EndProject
Global
	GlobalSection(SolutionConfigurationPlatforms) = preSolution
		Debug|Any CPU = Debug|Any CPU
		Release|Any CPU = Release|Any CPU
	EndGlobalSection
	GlobalSection(ProjectConfigurationPlatforms) = postSolution
		{3A39770C-E875-4644-A570-893827ABE4CF}.Debug|Any CPU.ActiveCfg = Debug|Any CPU
		{3A39770C-E875-4644-A570-893827ABE4CF}.Debug|Any CPU.Build.0 = Debug|Any CPU
		{3A39770C-E875-4644-A570-893827ABE4CF}.Release|Any CPU.ActiveCfg = Release|Any CPU
		{3A39770C-E875-4644-A570-893827ABE4CF}.Release|Any CPU.Build.0 = Release|Any CPU
		{4B700DD7-FA63-4958-9325-3A4689BC7B2B}.Debug|Any CPU.ActiveCfg = Debug|Any CPU
		{4B700DD7-FA63-4958-9325-3A4689BC7B2B}.Debug|Any CPU.Build.0 = Debug|Any CPU
		{4B700DD7-FA63-4958-9325-3A4689BC7B2B}.Release|Any CPU.ActiveCfg = Release|Any CPU
		{4B700DD7-FA63-4958-9325-3A4689BC7B2B}.Release|Any CPU.Build.0 = Release|Any CPU
		{9CCB04C0-F4A1-4505-B474-8F3E284E3B6E}.Debug|Any CPU.ActiveCfg = Debug|Any CPU
		{9CCB04C0-F4A1-4505-B474-8F3E284E3B6E}.Debug|Any CPU.Build.0 = Debug|Any CPU
		{9CCB04C0-F4A1-4505-B474-8F3E284E3B6E}.Release|Any CPU.ActiveCfg = Release|Any CPU
		{9CCB04C0-F4A1-4505-B474-8F3E284E3B6E}.Release|Any CPU.Build.0 = Release|Any CPU
		{4B583329-7EBC-4449-8644-4885D0095CD5}.Debug|Any CPU.ActiveCfg = Debug|Any CPU
		{4B583329-7EBC-4449-8644-4885D0095CD5}.Debug|Any CPU.Build.0 = Debug|Any CPU
		{4B583329-7EBC-4449-8644-4885D0095CD5}.Release|Any CPU.ActiveCfg = Release|Any CPU
		{4B583329-7EBC-4449-8644-4885D0095CD5}.Release|Any CPU.Build.0 = Release|Any CPU
	EndGlobalSection
	GlobalSection(SolutionProperties) = preSolution
		HideSolutionNode = FALSE
	EndGlobalSection
	GlobalSection(ExtensibilityGlobals) = postSolution
		SolutionGuid = {6340BB88-2CDD-42CA-87A2-A0A8356CB189}
	EndGlobalSection
EndGlobal
